
Microsoft Visual Studio Solution File, Format Version 12.00
# Visual Studio Version 17
VisualStudioVersion = 17.4.33213.308
MinimumVisualStudioVersion = 10.0.40219.1
Project("{FAE04EC0-301F-11D3-BF4B-00C04F79EFBC}") = "eksamen201opg22", "eksamen201opg22\eksamen201opg22.csproj", "{9B5537F1-CEED-4158-8939-6008795AFE29}"
EndProject
Global
	GlobalSection(SolutionConfigurationPlatforms) = preSolution
		Debug|Any CPU = Debug|Any CPU
		Release|Any CPU = Release|Any CPU
	EndGlobalSection
	GlobalSection(ProjectConfigurationPlatforms) = postSolution
		{9B5537F1-CEED-4158-8939-6008795AFE29}.Debug|Any CPU.ActiveCfg = Debug|Any CPU
		{9B5537F1-CEED-4158-8939-6008795AFE29}.Debug|Any CPU.Build.0 = Debug|Any CPU
		{9B5537F1-CEED-4158-8939-6008795AFE29}.Release|Any CPU.ActiveCfg = Release|Any CPU
		{9B5537F1-CEED-4158-8939-6008795AFE29}.Release|Any CPU.Build.0 = Release|Any CPU
	EndGlobalSection
	GlobalSection(SolutionProperties) = preSolution
		HideSolutionNode = FALSE
	EndGlobalSection
	GlobalSection(ExtensibilityGlobals) = postSolution
		SolutionGuid = {23A20DC5-0073-4814-9F58-0A0BCB939546}
	EndGlobalSection
EndGlobal
